
Microsoft Visual Studio Solution File, Format Version 12.00
# Visual Studio Version 16
VisualStudioVersion = 16.0.33927.289
MinimumVisualStudioVersion = 10.0.40219.1
Project("{2150E333-8FDC-42A3-9474-1A3956D46DE8}") = "Task0", "Task0", "{245FEB32-9F86-485D-8A95-A7463ABD1FE4}"
EndProject
Project("{FAE04EC0-301F-11D3-BF4B-00C04F79EFBC}") = "Tyuiu.KonyushevskyAA.Sprint4.Task0.V8", "Tyuiu.KonyushevskyAA.Sprint4.Task0.V8\Tyuiu.KonyushevskyAA.Sprint4.Task0.V8.csproj", "{739C537B-B1C0-41EB-BB3C-708EF5D5CD94}"
EndProject
Project("{FAE04EC0-301F-11D3-BF4B-00C04F79EFBC}") = "Tyuiu.KonyushevskyAA.Sprint4.Task0.V8.Lib", "Tyuiu.KonyushevskyAA.Sprint4.Task0.V8.Lib\Tyuiu.KonyushevskyAA.Sprint4.Task0.V8.Lib.csproj", "{626F31C4-C77C-4440-A45E-0A55A77B9603}"
EndProject
Project("{FAE04EC0-301F-11D3-BF4B-00C04F79EFBC}") = "Tyuiu.KonyushevskyAA.Sprint4.Task0.V8.Test", "Tyuiu.KonyushevskyAA.Sprint4.Task0.V8.Test\Tyuiu.KonyushevskyAA.Sprint4.Task0.V8.Test.csproj", "{A8C35377-7EAD-442D-B79B-C192B0677724}"
EndProject
Project("{2150E333-8FDC-42A3-9474-1A3956D46DE8}") = "Task1", "Task1", "{E4FEF11C-C568-415D-8565-28C814757959}"
EndProject
Project("{FAE04EC0-301F-11D3-BF4B-00C04F79EFBC}") = "Tyuiu.KonyushevskyAA.Sprint4.Task1.V27", "Tyuiu.KonyushevskyAA.Sprint4.Task1.V27\Tyuiu.KonyushevskyAA.Sprint4.Task1.V27.csproj", "{9F728D4C-F72A-4502-A5EC-6400AA805ACF}"
EndProject
Project("{FAE04EC0-301F-11D3-BF4B-00C04F79EFBC}") = "Tyuiu.KonyushevskyAA.Sprint4.Task1.V27.Lib", "Tyuiu.KonyushevskyAA.Sprint4.Task1.V27.Lib\Tyuiu.KonyushevskyAA.Sprint4.Task1.V27.Lib.csproj", "{CE45752D-1279-418E-8352-E7EDECE4146A}"
EndProject
Project("{FAE04EC0-301F-11D3-BF4B-00C04F79EFBC}") = "Tyuiu.KonyushevskyAA.Sprint4.Task1.V27.Test", "Tyuiu.KonyushevskyAA.Sprint4.Task1.V27.Test\Tyuiu.KonyushevskyAA.Sprint4.Task1.V27.Test.csproj", "{9E43DC0D-BEE4-4CE2-9B4C-EB24FA22C45A}"
EndProject
Project("{2150E333-8FDC-42A3-9474-1A3956D46DE8}") = "Task2", "Task2", "{EC067BC4-4DFF-4150-A222-67839F8039AA}"
EndProject
Project("{FAE04EC0-301F-11D3-BF4B-00C04F79EFBC}") = "Tyuiu.KonyushevskyAA.Sprint4.Task2.V14", "Tyuiu.KonyushevskyAA.Sprint4.Task2.V14\Tyuiu.KonyushevskyAA.Sprint4.Task2.V14.csproj", "{86BD30D1-86CE-4C42-8BE3-17E314C85374}"
EndProject
Project("{FAE04EC0-301F-11D3-BF4B-00C04F79EFBC}") = "Tyuiu.KonyushevskyAA.Sprint4.Task2.V14.Lib", "Tyuiu.KonyushevskyAA.Sprint4.Task2.V14.Lib\Tyuiu.KonyushevskyAA.Sprint4.Task2.V14.Lib.csproj", "{6FBB7325-C41C-43C7-8C19-103934888BF1}"
EndProject
Project("{FAE04EC0-301F-11D3-BF4B-00C04F79EFBC}") = "Tyuiu.KonyushevskyAA.Sprint4.Task2.V14.Test", "Tyuiu.KonyushevskyAA.Sprint4.Task2.V14.Test\Tyuiu.KonyushevskyAA.Sprint4.Task2.V14.Test.csproj", "{72618B3A-73A1-46C3-A71D-C2A167586E3D}"
EndProject
Project("{2150E333-8FDC-42A3-9474-1A3956D46DE8}") = "Task3", "Task3", "{3E6EF670-4CDF-411B-825B-8FB8F1F3D36F}"
EndProject
Project("{FAE04EC0-301F-11D3-BF4B-00C04F79EFBC}") = "Tyuiu.KonyushevskyAA.Sprint4.Task3.V11", "Tyuiu.KonyushevskyAA.Sprint4.Task3.V11\Tyuiu.KonyushevskyAA.Sprint4.Task3.V11.csproj", "{F44A175B-9F24-4A2C-8402-1EB567B4A71F}"
EndProject
Project("{FAE04EC0-301F-11D3-BF4B-00C04F79EFBC}") = "Tyuiu.KonyushevskyAA.Sprint4.Task3.V11.Lib", "Tyuiu.KonyushevskyAA.Sprint4.Task3.V11.Lib\Tyuiu.KonyushevskyAA.Sprint4.Task3.V11.Lib.csproj", "{98F5A4B1-AFC0-4717-B1E1-9EF93A272322}"
EndProject
Project("{FAE04EC0-301F-11D3-BF4B-00C04F79EFBC}") = "Tyuiu.KonyushevskyAA.Sprint4.Task3.V11.Test", "Tyuiu.KonyushevskyAA.Sprint4.Task3.V11.Test\Tyuiu.KonyushevskyAA.Sprint4.Task3.V11.Test.csproj", "{80FAB77A-D9B9-4637-8B56-D9351D13A2A6}"
EndProject
Project("{2150E333-8FDC-42A3-9474-1A3956D46DE8}") = "Task4", "Task4", "{03A5687E-9848-4C2D-877A-98C95E83AA92}"
EndProject
Project("{FAE04EC0-301F-11D3-BF4B-00C04F79EFBC}") = "Tyuiu.KonyushevskyAA.Sprint4.Task4.V22", "Tyuiu.KonyushevskyAA.Sprint4.Task4.V22\Tyuiu.KonyushevskyAA.Sprint4.Task4.V22.csproj", "{CBF8492F-3BB3-4A2F-B521-49CD2B2A9E10}"
EndProject
Project("{FAE04EC0-301F-11D3-BF4B-00C04F79EFBC}") = "Tyuiu.KonyushevskyAA.Sprint4.Task4.V22.Lib", "Tyuiu.KonyushevskyAA.Sprint4.Task4.V22.Lib\Tyuiu.KonyushevskyAA.Sprint4.Task4.V22.Lib.csproj", "{CA6B6A66-577F-45C0-B38C-AAB8BCFCA352}"
EndProject
Project("{FAE04EC0-301F-11D3-BF4B-00C04F79EFBC}") = "Tyuiu.KonyushevskyAA.Sprint4.Task4.V22.Test", "Tyuiu.KonyushevskyAA.Sprint4.Task4.V22.Test\Tyuiu.KonyushevskyAA.Sprint4.Task4.V22.Test.csproj", "{5C1B9630-B9B8-47A8-A4EB-E40F755B1057}"
EndProject
Global
	GlobalSection(SolutionConfigurationPlatforms) = preSolution
		Debug|Any CPU = Debug|Any CPU
		Release|Any CPU = Release|Any CPU
	EndGlobalSection
	GlobalSection(ProjectConfigurationPlatforms) = postSolution
		{739C537B-B1C0-41EB-BB3C-708EF5D5CD94}.Debug|Any CPU.ActiveCfg = Debug|Any CPU
		{739C537B-B1C0-41EB-BB3C-708EF5D5CD94}.Debug|Any CPU.Build.0 = Debug|Any CPU
		{739C537B-B1C0-41EB-BB3C-708EF5D5CD94}.Release|Any CPU.ActiveCfg = Release|Any CPU
		{739C537B-B1C0-41EB-BB3C-708EF5D5CD94}.Release|Any CPU.Build.0 = Release|Any CPU
		{626F31C4-C77C-4440-A45E-0A55A77B9603}.Debug|Any CPU.ActiveCfg = Debug|Any CPU
		{626F31C4-C77C-4440-A45E-0A55A77B9603}.Debug|Any CPU.Build.0 = Debug|Any CPU
		{626F31C4-C77C-4440-A45E-0A55A77B9603}.Release|Any CPU.ActiveCfg = Release|Any CPU
		{626F31C4-C77C-4440-A45E-0A55A77B9603}.Release|Any CPU.Build.0 = Release|Any CPU
		{A8C35377-7EAD-442D-B79B-C192B0677724}.Debug|Any CPU.ActiveCfg = Debug|Any CPU
		{A8C35377-7EAD-442D-B79B-C192B0677724}.Debug|Any CPU.Build.0 = Debug|Any CPU
		{A8C35377-7EAD-442D-B79B-C192B0677724}.Release|Any CPU.ActiveCfg = Release|Any CPU
		{A8C35377-7EAD-442D-B79B-C192B0677724}.Release|Any CPU.Build.0 = Release|Any CPU
		{9F728D4C-F72A-4502-A5EC-6400AA805ACF}.Debug|Any CPU.ActiveCfg = Debug|Any CPU
		{9F728D4C-F72A-4502-A5EC-6400AA805ACF}.Debug|Any CPU.Build.0 = Debug|Any CPU
		{9F728D4C-F72A-4502-A5EC-6400AA805ACF}.Release|Any CPU.ActiveCfg = Release|Any CPU
		{9F728D4C-F72A-4502-A5EC-6400AA805ACF}.Release|Any CPU.Build.0 = Release|Any CPU
		{CE45752D-1279-418E-8352-E7EDECE4146A}.Debug|Any CPU.ActiveCfg = Debug|Any CPU
		{CE45752D-1279-418E-8352-E7EDECE4146A}.Debug|Any CPU.Build.0 = Debug|Any CPU
		{CE45752D-1279-418E-8352-E7EDECE4146A}.Release|Any CPU.ActiveCfg = Release|Any CPU
		{CE45752D-1279-418E-8352-E7EDECE4146A}.Release|Any CPU.Build.0 = Release|Any CPU
		{9E43DC0D-BEE4-4CE2-9B4C-EB24FA22C45A}.Debug|Any CPU.ActiveCfg = Debug|Any CPU
		{9E43DC0D-BEE4-4CE2-9B4C-EB24FA22C45A}.Debug|Any CPU.Build.0 = Debug|Any CPU
		{9E43DC0D-BEE4-4CE2-9B4C-EB24FA22C45A}.Release|Any CPU.ActiveCfg = Release|Any CPU
		{9E43DC0D-BEE4-4CE2-9B4C-EB24FA22C45A}.Release|Any CPU.Build.0 = Release|Any CPU
		{86BD30D1-86CE-4C42-8BE3-17E314C85374}.Debug|Any CPU.ActiveCfg = Debug|Any CPU
		{86BD30D1-86CE-4C42-8BE3-17E314C85374}.Debug|Any CPU.Build.0 = Debug|Any CPU
		{86BD30D1-86CE-4C42-8BE3-17E314C85374}.Release|Any CPU.ActiveCfg = Release|Any CPU
		{86BD30D1-86CE-4C42-8BE3-17E314C85374}.Release|Any CPU.Build.0 = Release|Any CPU
		{6FBB7325-C41C-43C7-8C19-103934888BF1}.Debug|Any CPU.ActiveCfg = Debug|Any CPU
		{6FBB7325-C41C-43C7-8C19-103934888BF1}.Debug|Any CPU.Build.0 = Debug|Any CPU
		{6FBB7325-C41C-43C7-8C19-103934888BF1}.Release|Any CPU.ActiveCfg = Release|Any CPU
		{6FBB7325-C41C-43C7-8C19-103934888BF1}.Release|Any CPU.Build.0 = Release|Any CPU
		{72618B3A-73A1-46C3-A71D-C2A167586E3D}.Debug|Any CPU.ActiveCfg = Debug|Any CPU
		{72618B3A-73A1-46C3-A71D-C2A167586E3D}.Debug|Any CPU.Build.0 = Debug|Any CPU
		{72618B3A-73A1-46C3-A71D-C2A167586E3D}.Release|Any CPU.ActiveCfg = Release|Any CPU
		{72618B3A-73A1-46C3-A71D-C2A167586E3D}.Release|Any CPU.Build.0 = Release|Any CPU
		{F44A175B-9F24-4A2C-8402-1EB567B4A71F}.Debug|Any CPU.ActiveCfg = Debug|Any CPU
		{F44A175B-9F24-4A2C-8402-1EB567B4A71F}.Debug|Any CPU.Build.0 = Debug|Any CPU
		{F44A175B-9F24-4A2C-8402-1EB567B4A71F}.Release|Any CPU.ActiveCfg = Release|Any CPU
		{F44A175B-9F24-4A2C-8402-1EB567B4A71F}.Release|Any CPU.Build.0 = Release|Any CPU
		{98F5A4B1-AFC0-4717-B1E1-9EF93A272322}.Debug|Any CPU.ActiveCfg = Debug|Any CPU
		{98F5A4B1-AFC0-4717-B1E1-9EF93A272322}.Debug|Any CPU.Build.0 = Debug|Any CPU
		{98F5A4B1-AFC0-4717-B1E1-9EF93A272322}.Release|Any CPU.ActiveCfg = Release|Any CPU
		{98F5A4B1-AFC0-4717-B1E1-9EF93A272322}.Release|Any CPU.Build.0 = Release|Any CPU
		{80FAB77A-D9B9-4637-8B56-D9351D13A2A6}.Debug|Any CPU.ActiveCfg = Debug|Any CPU
		{80FAB77A-D9B9-4637-8B56-D9351D13A2A6}.Debug|Any CPU.Build.0 = Debug|Any CPU
		{80FAB77A-D9B9-4637-8B56-D9351D13A2A6}.Release|Any CPU.ActiveCfg = Release|Any CPU
		{80FAB77A-D9B9-4637-8B56-D9351D13A2A6}.Release|Any CPU.Build.0 = Release|Any CPU
		{CBF8492F-3BB3-4A2F-B521-49CD2B2A9E10}.Debug|Any CPU.ActiveCfg = Debug|Any CPU
		{CBF8492F-3BB3-4A2F-B521-49CD2B2A9E10}.Debug|Any CPU.Build.0 = Debug|Any CPU
		{CBF8492F-3BB3-4A2F-B521-49CD2B2A9E10}.Release|Any CPU.ActiveCfg = Release|Any CPU
		{CBF8492F-3BB3-4A2F-B521-49CD2B2A9E10}.Release|Any CPU.Build.0 = Release|Any CPU
		{CA6B6A66-577F-45C0-B38C-AAB8BCFCA352}.Debug|Any CPU.ActiveCfg = Debug|Any CPU
		{CA6B6A66-577F-45C0-B38C-AAB8BCFCA352}.Debug|Any CPU.Build.0 = Debug|Any CPU
		{CA6B6A66-577F-45C0-B38C-AAB8BCFCA352}.Release|Any CPU.ActiveCfg = Release|Any CPU
		{CA6B6A66-577F-45C0-B38C-AAB8BCFCA352}.Release|Any CPU.Build.0 = Release|Any CPU
		{5C1B9630-B9B8-47A8-A4EB-E40F755B1057}.Debug|Any CPU.ActiveCfg = Debug|Any CPU
		{5C1B9630-B9B8-47A8-A4EB-E40F755B1057}.Debug|Any CPU.Build.0 = Debug|Any CPU
		{5C1B9630-B9B8-47A8-A4EB-E40F755B1057}.Release|Any CPU.ActiveCfg = Release|Any CPU
		{5C1B9630-B9B8-47A8-A4EB-E40F755B1057}.Release|Any CPU.Build.0 = Release|Any CPU
	EndGlobalSection
	GlobalSection(SolutionProperties) = preSolution
		HideSolutionNode = FALSE
	EndGlobalSection
	GlobalSection(NestedProjects) = preSolution
		{739C537B-B1C0-41EB-BB3C-708EF5D5CD94} = {245FEB32-9F86-485D-8A95-A7463ABD1FE4}
		{626F31C4-C77C-4440-A45E-0A55A77B9603} = {245FEB32-9F86-485D-8A95-A7463ABD1FE4}
		{A8C35377-7EAD-442D-B79B-C192B0677724} = {245FEB32-9F86-485D-8A95-A7463ABD1FE4}
		{9F728D4C-F72A-4502-A5EC-6400AA805ACF} = {E4FEF11C-C568-415D-8565-28C814757959}
		{CE45752D-1279-418E-8352-E7EDECE4146A} = {E4FEF11C-C568-415D-8565-28C814757959}
		{9E43DC0D-BEE4-4CE2-9B4C-EB24FA22C45A} = {E4FEF11C-C568-415D-8565-28C814757959}
		{86BD30D1-86CE-4C42-8BE3-17E314C85374} = {EC067BC4-4DFF-4150-A222-67839F8039AA}
		{6FBB7325-C41C-43C7-8C19-103934888BF1} = {EC067BC4-4DFF-4150-A222-67839F8039AA}
		{72618B3A-73A1-46C3-A71D-C2A167586E3D} = {EC067BC4-4DFF-4150-A222-67839F8039AA}
		{F44A175B-9F24-4A2C-8402-1EB567B4A71F} = {3E6EF670-4CDF-411B-825B-8FB8F1F3D36F}
		{98F5A4B1-AFC0-4717-B1E1-9EF93A272322} = {3E6EF670-4CDF-411B-825B-8FB8F1F3D36F}
		{80FAB77A-D9B9-4637-8B56-D9351D13A2A6} = {3E6EF670-4CDF-411B-825B-8FB8F1F3D36F}
		{CBF8492F-3BB3-4A2F-B521-49CD2B2A9E10} = {03A5687E-9848-4C2D-877A-98C95E83AA92}
		{CA6B6A66-577F-45C0-B38C-AAB8BCFCA352} = {03A5687E-9848-4C2D-877A-98C95E83AA92}
		{5C1B9630-B9B8-47A8-A4EB-E40F755B1057} = {03A5687E-9848-4C2D-877A-98C95E83AA92}
	EndGlobalSection
	GlobalSection(ExtensibilityGlobals) = postSolution
		SolutionGuid = {6734F13E-66BD-4229-8405-A4EE95397DED}
	EndGlobalSection
EndGlobal
